{
  "requires": true,
  "lockfileVersion": 1,
  "dependencies": {
    "vuetify": {
      "version": "2.1.7",
      "resolved": "https://registry.npmjs.org/vuetify/-/vuetify-2.1.7.tgz",
      "integrity": "sha512-BU+H03I4Daf/0fZP2pXxfo2sfhTf0XVeY2o+LJROJKiHbGofC2n9y3kcTD04c9h7W23q5CDrqaP9FEzkxudDqQ=="
    }
  }
}
